// !$*UTF8*$!
{
	archiveVersion = 1;
	classes = {
	};
	objectVersion = 50;
	objects = {

/* Begin PBXBuildFile section */
		60148E33275FDC0200861801 /* TagsCollectionViewController.swift in Sources */ = {isa = PBXBuildFile; fileRef = 60148E31275FDC0200861801 /* TagsCollectionViewController.swift */; };
		60148E34275FDC0200861801 /* TagsCollectionViewController.xib in Resources */ = {isa = PBXBuildFile; fileRef = 60148E32275FDC0200861801 /* TagsCollectionViewController.xib */; };
		60148E38275FDCD300861801 /* CustomCollectionViewCell.xib in Resources */ = {isa = PBXBuildFile; fileRef = 60148E36275FDCD300861801 /* CustomCollectionViewCell.xib */; };
		60148E39275FDCD300861801 /* CustomCollectionViewCell.swift in Sources */ = {isa = PBXBuildFile; fileRef = 60148E37275FDCD300861801 /* CustomCollectionViewCell.swift */; };
		6023123C2709058600C7612C /* AppDelegate.swift in Sources */ = {isa = PBXBuildFile; fileRef = 6023123B2709058600C7612C /* AppDelegate.swift */; };
		6023123E2709058600C7612C /* SceneDelegate.swift in Sources */ = {isa = PBXBuildFile; fileRef = 6023123D2709058600C7612C /* SceneDelegate.swift */; };
		602312402709058600C7612C /* SetUpLockScreenViewController.swift in Sources */ = {isa = PBXBuildFile; fileRef = 6023123F2709058600C7612C /* SetUpLockScreenViewController.swift */; };
		602312432709058600C7612C /* Main.storyboard in Resources */ = {isa = PBXBuildFile; fileRef = 602312412709058600C7612C /* Main.storyboard */; };
		602312452709058600C7612C /* Assets.xcassets in Resources */ = {isa = PBXBuildFile; fileRef = 602312442709058600C7612C /* Assets.xcassets */; };
		602312482709058600C7612C /* LaunchScreen.storyboard in Resources */ = {isa = PBXBuildFile; fileRef = 602312462709058600C7612C /* LaunchScreen.storyboard */; };
		60231252271DB2B700C7612C /* SecondScreen.storyboard in Resources */ = {isa = PBXBuildFile; fileRef = 60231251271DB2B700C7612C /* SecondScreen.storyboard */; };
		60934A8B273DAF5200F8AE2E /* TagsViewController.swift in Sources */ = {isa = PBXBuildFile; fileRef = 60934A89273DAF5200F8AE2E /* TagsViewController.swift */; };
		60934A8C273DAF5200F8AE2E /* TagsViewController.xib in Resources */ = {isa = PBXBuildFile; fileRef = 60934A8A273DAF5200F8AE2E /* TagsViewController.xib */; };
		6095586E271F317E002954E5 /* PasswordViewController.swift in Sources */ = {isa = PBXBuildFile; fileRef = 6095586C271F317E002954E5 /* PasswordViewController.swift */; };
		6095586F271F317E002954E5 /* PasswordViewController.xib in Resources */ = {isa = PBXBuildFile; fileRef = 6095586D271F317E002954E5 /* PasswordViewController.xib */; };
		60AB65382743AC4F008D8359 /* TagsTableViewCell.swift in Sources */ = {isa = PBXBuildFile; fileRef = 60AB65362743AC4F008D8359 /* TagsTableViewCell.swift */; };
		60AB65392743AC4F008D8359 /* TagsTableViewCell.xib in Resources */ = {isa = PBXBuildFile; fileRef = 60AB65372743AC4F008D8359 /* TagsTableViewCell.xib */; };
		60AB65442743BD8C008D8359 /* CattyDetailsViewController.swift in Sources */ = {isa = PBXBuildFile; fileRef = 60AB65422743BD8C008D8359 /* CattyDetailsViewController.swift */; };
		60AB65452743BD8C008D8359 /* CattyDetailsViewController.xib in Resources */ = {isa = PBXBuildFile; fileRef = 60AB65432743BD8C008D8359 /* CattyDetailsViewController.xib */; };
/* End PBXBuildFile section */

/* Begin PBXFileReference section */
		60148E31275FDC0200861801 /* TagsCollectionViewController.swift */ = {isa = PBXFileReference; lastKnownFileType = sourcecode.swift; path = TagsCollectionViewController.swift; sourceTree = "<group>"; };
		60148E32275FDC0200861801 /* TagsCollectionViewController.xib */ = {isa = PBXFileReference; lastKnownFileType = file.xib; path = TagsCollectionViewController.xib; sourceTree = "<group>"; };
		60148E36275FDCD300861801 /* CustomCollectionViewCell.xib */ = {isa = PBXFileReference; fileEncoding = 4; lastKnownFileType = file.xib; path = CustomCollectionViewCell.xib; sourceTree = "<group>"; };
		60148E37275FDCD300861801 /* CustomCollectionViewCell.swift */ = {isa = PBXFileReference; fileEncoding = 4; lastKnownFileType = sourcecode.swift; path = CustomCollectionViewCell.swift; sourceTree = "<group>"; };
		602312382709058600C7612C /* Catty App.app */ = {isa = PBXFileReference; explicitFileType = wrapper.application; includeInIndex = 0; path = "Catty App.app"; sourceTree = BUILT_PRODUCTS_DIR; };
		6023123B2709058600C7612C /* AppDelegate.swift */ = {isa = PBXFileReference; lastKnownFileType = sourcecode.swift; path = AppDelegate.swift; sourceTree = "<group>"; };
		6023123D2709058600C7612C /* SceneDelegate.swift */ = {isa = PBXFileReference; lastKnownFileType = sourcecode.swift; path = SceneDelegate.swift; sourceTree = "<group>"; };
		6023123F2709058600C7612C /* SetUpLockScreenViewController.swift */ = {isa = PBXFileReference; lastKnownFileType = sourcecode.swift; path = SetUpLockScreenViewController.swift; sourceTree = "<group>"; };
		602312422709058600C7612C /* Base */ = {isa = PBXFileReference; lastKnownFileType = file.storyboard; name = Base; path = Base.lproj/Main.storyboard; sourceTree = "<group>"; };
		602312442709058600C7612C /* Assets.xcassets */ = {isa = PBXFileReference; lastKnownFileType = folder.assetcatalog; path = Assets.xcassets; sourceTree = "<group>"; };
		602312472709058600C7612C /* Base */ = {isa = PBXFileReference; lastKnownFileType = file.storyboard; name = Base; path = Base.lproj/LaunchScreen.storyboard; sourceTree = "<group>"; };
		602312492709058600C7612C /* Info.plist */ = {isa = PBXFileReference; lastKnownFileType = text.plist.xml; path = Info.plist; sourceTree = "<group>"; };
		60231251271DB2B700C7612C /* SecondScreen.storyboard */ = {isa = PBXFileReference; lastKnownFileType = file.storyboard; path = SecondScreen.storyboard; sourceTree = "<group>"; };
		60934A89273DAF5200F8AE2E /* TagsViewController.swift */ = {isa = PBXFileReference; lastKnownFileType = sourcecode.swift; path = TagsViewController.swift; sourceTree = "<group>"; };
		60934A8A273DAF5200F8AE2E /* TagsViewController.xib */ = {isa = PBXFileReference; lastKnownFileType = file.xib; path = TagsViewController.xib; sourceTree = "<group>"; };
		6095586C271F317E002954E5 /* PasswordViewController.swift */ = {isa = PBXFileReference; lastKnownFileType = sourcecode.swift; path = PasswordViewController.swift; sourceTree = "<group>"; };
		6095586D271F317E002954E5 /* PasswordViewController.xib */ = {isa = PBXFileReference; lastKnownFileType = file.xib; path = PasswordViewController.xib; sourceTree = "<group>"; };
		60AB65362743AC4F008D8359 /* TagsTableViewCell.swift */ = {isa = PBXFileReference; lastKnownFileType = sourcecode.swift; path = TagsTableViewCell.swift; sourceTree = "<group>"; };
		60AB65372743AC4F008D8359 /* TagsTableViewCell.xib */ = {isa = PBXFileReference; lastKnownFileType = file.xib; path = TagsTableViewCell.xib; sourceTree = "<group>"; };
		60AB65422743BD8C008D8359 /* CattyDetailsViewController.swift */ = {isa = PBXFileReference; lastKnownFileType = sourcecode.swift; path = CattyDetailsViewController.swift; sourceTree = "<group>"; };
		60AB65432743BD8C008D8359 /* CattyDetailsViewController.xib */ = {isa = PBXFileReference; lastKnownFileType = file.xib; path = CattyDetailsViewController.xib; sourceTree = "<group>"; };
/* End PBXFileReference section */

/* Begin PBXFrameworksBuildPhase section */
		602312352709058600C7612C /* Frameworks */ = {
			isa = PBXFrameworksBuildPhase;
			buildActionMask = 2147483647;
			files = (
			);
			runOnlyForDeploymentPostprocessing = 0;
		};
/* End PBXFrameworksBuildPhase section */

/* Begin PBXGroup section */
		60148E2F275FDBD400861801 /* TagsCollectionViewController */ = {
			isa = PBXGroup;
			children = (
				60148E3B275FEA8900861801 /* Cells */,
				60148E31275FDC0200861801 /* TagsCollectionViewController.swift */,
				60148E32275FDC0200861801 /* TagsCollectionViewController.xib */,
			);
			path = TagsCollectionViewController;
			sourceTree = "<group>";
		};
		60148E3B275FEA8900861801 /* Cells */ = {
			isa = PBXGroup;
			children = (
				60148E37275FDCD300861801 /* CustomCollectionViewCell.swift */,
				60148E36275FDCD300861801 /* CustomCollectionViewCell.xib */,
			);
			path = Cells;
			sourceTree = "<group>";
		};
		6023122F2709058600C7612C = {
			isa = PBXGroup;
			children = (
				6023123A2709058600C7612C /* Catty App */,
				602312392709058600C7612C /* Products */,
			);
			sourceTree = "<group>";
		};
		602312392709058600C7612C /* Products */ = {
			isa = PBXGroup;
			children = (
				602312382709058600C7612C /* Catty App.app */,
			);
			name = Products;
			sourceTree = "<group>";
		};
		6023123A2709058600C7612C /* Catty App */ = {
			isa = PBXGroup;
			children = (
				60148E2F275FDBD400861801 /* TagsCollectionViewController */,
				60AB653B2743BCFD008D8359 /* CattyDetailsViewController */,
				60934A88273DAF1900F8AE2E /* TagsViewController */,
				6095586B271F30E0002954E5 /* PasswordViewController */,
				6023123B2709058600C7612C /* AppDelegate.swift */,
				6023123D2709058600C7612C /* SceneDelegate.swift */,
				6023123F2709058600C7612C /* SetUpLockScreenViewController.swift */,
				602312412709058600C7612C /* Main.storyboard */,
				60231251271DB2B700C7612C /* SecondScreen.storyboard */,
				602312442709058600C7612C /* Assets.xcassets */,
				602312462709058600C7612C /* LaunchScreen.storyboard */,
				602312492709058600C7612C /* Info.plist */,
			);
			path = "Catty App";
			sourceTree = "<group>";
		};
		60934A88273DAF1900F8AE2E /* TagsViewController */ = {
			isa = PBXGroup;
			children = (
				60AB65302743ABF0008D8359 /* Cells */,
				60934A89273DAF5200F8AE2E /* TagsViewController.swift */,
				60934A8A273DAF5200F8AE2E /* TagsViewController.xib */,
			);
			path = TagsViewController;
			sourceTree = "<group>";
		};
		6095586B271F30E0002954E5 /* PasswordViewController */ = {
			isa = PBXGroup;
			children = (
				6095586C271F317E002954E5 /* PasswordViewController.swift */,
				6095586D271F317E002954E5 /* PasswordViewController.xib */,
			);
			path = PasswordViewController;
			sourceTree = "<group>";
		};
		60AB65302743ABF0008D8359 /* Cells */ = {
			isa = PBXGroup;
			children = (
				60AB65362743AC4F008D8359 /* TagsTableViewCell.swift */,
				60AB65372743AC4F008D8359 /* TagsTableViewCell.xib */,
			);
			path = Cells;
			sourceTree = "<group>";
		};
		60AB653B2743BCFD008D8359 /* CattyDetailsViewController */ = {
			isa = PBXGroup;
			children = (
				60AB65422743BD8C008D8359 /* CattyDetailsViewController.swift */,
				60AB65432743BD8C008D8359 /* CattyDetailsViewController.xib */,
			);
			path = CattyDetailsViewController;
			sourceTree = "<group>";
		};
/* End PBXGroup section */

/* Begin PBXNativeTarget section */
		602312372709058600C7612C /* Catty App */ = {
			isa = PBXNativeTarget;
			buildConfigurationList = 6023124C2709058600C7612C /* Build configuration list for PBXNativeTarget "Catty App" */;
			buildPhases = (
				602312342709058600C7612C /* Sources */,
				602312352709058600C7612C /* Frameworks */,
				602312362709058600C7612C /* Resources */,
			);
			buildRules = (
			);
			dependencies = (
			);
			name = "Catty App";
			productName = "Catty App";
			productReference = 602312382709058600C7612C /* Catty App.app */;
			productType = "com.apple.product-type.application";
		};
/* End PBXNativeTarget section */

/* Begin PBXProject section */
		602312302709058600C7612C /* Project object */ = {
			isa = PBXProject;
			attributes = {
				LastSwiftUpdateCheck = 1240;
				LastUpgradeCheck = 1240;
				TargetAttributes = {
					602312372709058600C7612C = {
						CreatedOnToolsVersion = 12.4;
					};
				};
			};
			buildConfigurationList = 602312332709058600C7612C /* Build configuration list for PBXProject "Catty App" */;
			compatibilityVersion = "Xcode 9.3";
			developmentRegion = en;
			hasScannedForEncodings = 0;
			knownRegions = (
				en,
				Base,
			);
			mainGroup = 6023122F2709058600C7612C;
			productRefGroup = 602312392709058600C7612C /* Products */;
			projectDirPath = "";
			projectRoot = "";
			targets = (
				602312372709058600C7612C /* Catty App */,
			);
		};
/* End PBXProject section */

/* Begin PBXResourcesBuildPhase section */
		602312362709058600C7612C /* Resources */ = {
			isa = PBXResourcesBuildPhase;
			buildActionMask = 2147483647;
			files = (
				602312482709058600C7612C /* LaunchScreen.storyboard in Resources */,
				60AB65452743BD8C008D8359 /* CattyDetailsViewController.xib in Resources */,
				602312452709058600C7612C /* Assets.xcassets in Resources */,
				60148E38275FDCD300861801 /* CustomCollectionViewCell.xib in Resources */,
				60231252271DB2B700C7612C /* SecondScreen.storyboard in Resources */,
				60934A8C273DAF5200F8AE2E /* TagsViewController.xib in Resources */,
				60AB65392743AC4F008D8359 /* TagsTableViewCell.xib in Resources */,
				602312432709058600C7612C /* Main.storyboard in Resources */,
				60148E34275FDC0200861801 /* TagsCollectionViewController.xib in Resources */,
				6095586F271F317E002954E5 /* PasswordViewController.xib in Resources */,
			);
			runOnlyForDeploymentPostprocessing = 0;
		};
/* End PBXResourcesBuildPhase section */

/* Begin PBXSourcesBuildPhase section */
		602312342709058600C7612C /* Sources */ = {
			isa = PBXSourcesBuildPhase;
			buildActionMask = 2147483647;
			files = (
				602312402709058600C7612C /* SetUpLockScreenViewController.swift in Sources */,
				60148E39275FDCD300861801 /* CustomCollectionViewCell.swift in Sources */,
				60AB65442743BD8C008D8359 /* CattyDetailsViewController.swift in Sources */,
				6095586E271F317E002954E5 /* PasswordViewController.swift in Sources */,
				60148E33275FDC0200861801 /* TagsCollectionViewController.swift in Sources */,
				60AB65382743AC4F008D8359 /* TagsTableViewCell.swift in Sources */,
				60934A8B273DAF5200F8AE2E /* TagsViewController.swift in Sources */,
				6023123C2709058600C7612C /* AppDelegate.swift in Sources */,
				6023123E2709058600C7612C /* SceneDelegate.swift in Sources */,
			);
			runOnlyForDeploymentPostprocessing = 0;
		};
/* End PBXSourcesBuildPhase section */

/* Begin PBXVariantGroup section */
		602312412709058600C7612C /* Main.storyboard */ = {
			isa = PBXVariantGroup;
			children = (
				602312422709058600C7612C /* Base */,
			);
			name = Main.storyboard;
			sourceTree = "<group>";
		};
		602312462709058600C7612C /* LaunchScreen.storyboard */ = {
			isa = PBXVariantGroup;
			children = (
				602312472709058600C7612C /* Base */,
			);
			name = LaunchScreen.storyboard;
			sourceTree = "<group>";
		};
/* End PBXVariantGroup section */

/* Begin XCBuildConfiguration section */
		6023124A2709058600C7612C /* Debug */ = {
			isa = XCBuildConfiguration;
			buildSettings = {
				ALWAYS_SEARCH_USER_PATHS = NO;
				CLANG_ANALYZER_NONNULL = YES;
				CLANG_ANALYZER_NUMBER_OBJECT_CONVERSION = YES_AGGRESSIVE;
				CLANG_CXX_LANGUAGE_STANDARD = "gnu++14";
				CLANG_CXX_LIBRARY = "libc++";
				CLANG_ENABLE_MODULES = YES;
				CLANG_ENABLE_OBJC_ARC = YES;
				CLANG_ENABLE_OBJC_WEAK = YES;
				CLANG_WARN_BLOCK_CAPTURE_AUTORELEASING = YES;
				CLANG_WARN_BOOL_CONVERSION = YES;
				CLANG_WARN_COMMA = YES;
				CLANG_WARN_CONSTANT_CONVERSION = YES;
				CLANG_WARN_DEPRECATED_OBJC_IMPLEMENTATIONS = YES;
				CLANG_WARN_DIRECT_OBJC_ISA_USAGE = YES_ERROR;
				CLANG_WARN_DOCUMENTATION_COMMENTS = YES;
				CLANG_WARN_EMPTY_BODY = YES;
				CLANG_WARN_ENUM_CONVERSION = YES;
				CLANG_WARN_INFINITE_RECURSION = YES;
				CLANG_WARN_INT_CONVERSION = YES;
				CLANG_WARN_NON_LITERAL_NULL_CONVERSION = YES;
				CLANG_WARN_OBJC_IMPLICIT_RETAIN_SELF = YES;
				CLANG_WARN_OBJC_LITERAL_CONVERSION = YES;
				CLANG_WARN_OBJC_ROOT_CLASS = YES_ERROR;
				CLANG_WARN_QUOTED_INCLUDE_IN_FRAMEWORK_HEADER = YES;
				CLANG_WARN_RANGE_LOOP_ANALYSIS = YES;
				CLANG_WARN_STRICT_PROTOTYPES = YES;
				CLANG_WARN_SUSPICIOUS_MOVE = YES;
				CLANG_WARN_UNGUARDED_AVAILABILITY = YES_AGGRESSIVE;
				CLANG_WARN_UNREACHABLE_CODE = YES;
				CLANG_WARN__DUPLICATE_METHOD_MATCH = YES;
				COPY_PHASE_STRIP = NO;
				DEBUG_INFORMATION_FORMAT = dwarf;
				ENABLE_STRICT_OBJC_MSGSEND = YES;
				ENABLE_TESTABILITY = YES;
				GCC_C_LANGUAGE_STANDARD = gnu11;
				GCC_DYNAMIC_NO_PIC = NO;
				GCC_NO_COMMON_BLOCKS = YES;
				GCC_OPTIMIZATION_LEVEL = 0;
				GCC_PREPROCESSOR_DEFINITIONS = (
					"DEBUG=1",
					"$(inherited)",
				);
				GCC_WARN_64_TO_32_BIT_CONVERSION = YES;
				GCC_WARN_ABOUT_RETURN_TYPE = YES_ERROR;
				GCC_WARN_UNDECLARED_SELECTOR = YES;
				GCC_WARN_UNINITIALIZED_AUTOS = YES_AGGRESSIVE;
				GCC_WARN_UNUSED_FUNCTION = YES;
				GCC_WARN_UNUSED_VARIABLE = YES;
				IPHONEOS_DEPLOYMENT_TARGET = 14.4;
				MTL_ENABLE_DEBUG_INFO = INCLUDE_SOURCE;
				MTL_FAST_MATH = YES;
				ONLY_ACTIVE_ARCH = YES;
				SDKROOT = iphoneos;
				SWIFT_ACTIVE_COMPILATION_CONDITIONS = DEBUG;
				SWIFT_OPTIMIZATION_LEVEL = "-Onone";
			};
			name = Debug;
		};
		6023124B2709058600C7612C /* Release */ = {
			isa = XCBuildConfiguration;
			buildSettings = {
				ALWAYS_SEARCH_USER_PATHS = NO;
				CLANG_ANALYZER_NONNULL = YES;
				CLANG_ANALYZER_NUMBER_OBJECT_CONVERSION = YES_AGGRESSIVE;
				CLANG_CXX_LANGUAGE_STANDARD = "gnu++14";
				CLANG_CXX_LIBRARY = "libc++";
				CLANG_ENABLE_MODULES = YES;
				CLANG_ENABLE_OBJC_ARC = YES;
				CLANG_ENABLE_OBJC_WEAK = YES;
				CLANG_WARN_BLOCK_CAPTURE_AUTORELEASING = YES;
				CLANG_WARN_BOOL_CONVERSION = YES;
				CLANG_WARN_COMMA = YES;
				CLANG_WARN_CONSTANT_CONVERSION = YES;
				CLANG_WARN_DEPRECATED_OBJC_IMPLEMENTATIONS = YES;
				CLANG_WARN_DIRECT_OBJC_ISA_USAGE = YES_ERROR;
				CLANG_WARN_DOCUMENTATION_COMMENTS = YES;
				CLANG_WARN_EMPTY_BODY = YES;
				CLANG_WARN_ENUM_CONVERSION = YES;
				CLANG_WARN_INFINITE_RECURSION = YES;
				CLANG_WARN_INT_CONVERSION = YES;
				CLANG_WARN_NON_LITERAL_NULL_CONVERSION = YES;
				CLANG_WARN_OBJC_IMPLICIT_RETAIN_SELF = YES;
				CLANG_WARN_OBJC_LITERAL_CONVERSION = YES;
				CLANG_WARN_OBJC_ROOT_CLASS = YES_ERROR;
				CLANG_WARN_QUOTED_INCLUDE_IN_FRAMEWORK_HEADER = YES;
				CLANG_WARN_RANGE_LOOP_ANALYSIS = YES;
				CLANG_WARN_STRICT_PROTOTYPES = YES;
				CLANG_WARN_SUSPICIOUS_MOVE = YES;
				CLANG_WARN_UNGUARDED_AVAILABILITY = YES_AGGRESSIVE;
				CLANG_WARN_UNREACHABLE_CODE = YES;
				CLANG_WARN__DUPLICATE_METHOD_MATCH = YES;
				COPY_PHASE_STRIP = NO;
				DEBUG_INFORMATION_FORMAT = "dwarf-with-dsym";
				ENABLE_NS_ASSERTIONS = NO;
				ENABLE_STRICT_OBJC_MSGSEND = YES;
				GCC_C_LANGUAGE_STANDARD = gnu11;
				GCC_NO_COMMON_BLOCKS = YES;
				GCC_WARN_64_TO_32_BIT_CONVERSION = YES;
				GCC_WARN_ABOUT_RETURN_TYPE = YES_ERROR;
				GCC_WARN_UNDECLARED_SELECTOR = YES;
				GCC_WARN_UNINITIALIZED_AUTOS = YES_AGGRESSIVE;
				GCC_WARN_UNUSED_FUNCTION = YES;
				GCC_WARN_UNUSED_VARIABLE = YES;
				IPHONEOS_DEPLOYMENT_TARGET = 14.4;
				MTL_ENABLE_DEBUG_INFO = NO;
				MTL_FAST_MATH = YES;
				SDKROOT = iphoneos;
				SWIFT_COMPILATION_MODE = wholemodule;
				SWIFT_OPTIMIZATION_LEVEL = "-O";
				VALIDATE_PRODUCT = YES;
			};
			name = Release;
		};
		6023124D2709058600C7612C /* Debug */ = {
			isa = XCBuildConfiguration;
			buildSettings = {
				ASSETCATALOG_COMPILER_APPICON_NAME = AppIcon;
				ASSETCATALOG_COMPILER_GLOBAL_ACCENT_COLOR_NAME = AccentColor;
				CODE_SIGN_STYLE = Automatic;
				INFOPLIST_FILE = "Catty App/Info.plist";
				LD_RUNPATH_SEARCH_PATHS = (
					"$(inherited)",
					"@executable_path/Frameworks",
				);
				PRODUCT_BUNDLE_IDENTIFIER = "KateGmBH.Catty-App";
				PRODUCT_NAME = "$(TARGET_NAME)";
				SWIFT_VERSION = 5.0;
				TARGETED_DEVICE_FAMILY = "1,2";
			};
			name = Debug;
		};
		6023124E2709058600C7612C /* Release */ = {
			isa = XCBuildConfiguration;
			buildSettings = {
				ASSETCATALOG_COMPILER_APPICON_NAME = AppIcon;
				ASSETCATALOG_COMPILER_GLOBAL_ACCENT_COLOR_NAME = AccentColor;
				CODE_SIGN_STYLE = Automatic;
				INFOPLIST_FILE = "Catty App/Info.plist";
				LD_RUNPATH_SEARCH_PATHS = (
					"$(inherited)",
					"@executable_path/Frameworks",
				);
				PRODUCT_BUNDLE_IDENTIFIER = "KateGmBH.Catty-App";
				PRODUCT_NAME = "$(TARGET_NAME)";
				SWIFT_VERSION = 5.0;
				TARGETED_DEVICE_FAMILY = "1,2";
			};
			name = Release;
		};
/* End XCBuildConfiguration section */

/* Begin XCConfigurationList section */
		602312332709058600C7612C /* Build configuration list for PBXProject "Catty App" */ = {
			isa = XCConfigurationList;
			buildConfigurations = (
				6023124A2709058600C7612C /* Debug */,
				6023124B2709058600C7612C /* Release */,
			);
			defaultConfigurationIsVisible = 0;
			defaultConfigurationName = Release;
		};
		6023124C2709058600C7612C /* Build configuration list for PBXNativeTarget "Catty App" */ = {
			isa = XCConfigurationList;
			buildConfigurations = (
				6023124D2709058600C7612C /* Debug */,
				6023124E2709058600C7612C /* Release */,
			);
			defaultConfigurationIsVisible = 0;
			defaultConfigurationName = Release;
		};
/* End XCConfigurationList section */
	};
	rootObject = 602312302709058600C7612C /* Project object */;
}
